
Microsoft Visual Studio Solution File, Format Version 12.00
# Visual Studio Version 16
VisualStudioVersion = 16.0.28714.193
MinimumVisualStudioVersion = 10.0.40219.1
Project("{FAE04EC0-301F-11D3-BF4B-00C04F79EFBC}") = "MyVetBono.Common", "MyVetBono.Common\MyVetBono.Common.csproj", "{3030CD2B-26B1-4686-A191-8495BEA37696}"
EndProject
Project("{FAE04EC0-301F-11D3-BF4B-00C04F79EFBC}") = "MyVetBono.Web", "MyVetBono.Web\MyVetBono.Web.csproj", "{CDD74F45-B02E-41AF-9AF1-D462475E3497}"
EndProject
Global
	GlobalSection(SolutionConfigurationPlatforms) = preSolution
		Debug|Any CPU = Debug|Any CPU
		Release|Any CPU = Release|Any CPU
	EndGlobalSection
	GlobalSection(ProjectConfigurationPlatforms) = postSolution
		{3030CD2B-26B1-4686-A191-8495BEA37696}.Debug|Any CPU.ActiveCfg = Debug|Any CPU
		{3030CD2B-26B1-4686-A191-8495BEA37696}.Debug|Any CPU.Build.0 = Debug|Any CPU
		{3030CD2B-26B1-4686-A191-8495BEA37696}.Release|Any CPU.ActiveCfg = Release|Any CPU
		{3030CD2B-26B1-4686-A191-8495BEA37696}.Release|Any CPU.Build.0 = Release|Any CPU
		{CDD74F45-B02E-41AF-9AF1-D462475E3497}.Debug|Any CPU.ActiveCfg = Debug|Any CPU
		{CDD74F45-B02E-41AF-9AF1-D462475E3497}.Debug|Any CPU.Build.0 = Debug|Any CPU
		{CDD74F45-B02E-41AF-9AF1-D462475E3497}.Release|Any CPU.ActiveCfg = Release|Any CPU
		{CDD74F45-B02E-41AF-9AF1-D462475E3497}.Release|Any CPU.Build.0 = Release|Any CPU
	EndGlobalSection
	GlobalSection(SolutionProperties) = preSolution
		HideSolutionNode = FALSE
	EndGlobalSection
	GlobalSection(ExtensibilityGlobals) = postSolution
		SolutionGuid = {5BCA5280-A5D9-4F21-9C8D-1D5E7B18CF92}
	EndGlobalSection
EndGlobal
